{
  "object": {
    "pins": [
      {
        "package": "Adaptr",
        "repositoryURL": "https://github.com/Adaptr-Music/iOS-SDK",
        "state": {
          "branch": null,
          "revision": "4f9f356c4a940812bb1210345755b55c43af470b",
          "version": "0.1.4"
        }
      }
    ]
  },
  "version": 1
}
