{
  "object": {
    "pins": [
      {
        "package": "Adaptr",
        "repositoryURL": "https://github.com/Adaptr-Music/iOS-SDK",
        "state": {
          "branch": null,
          "revision": "a5431eff1a8b0010431107adaff5275309f90667",
          "version": "0.1.6"
        }
      }
    ]
  },
  "version": 1
}
